
Microsoft Visual Studio Solution File, Format Version 12.00
# Visual Studio Version 16
VisualStudioVersion = 16.0.30517.126
MinimumVisualStudioVersion = 10.0.40219.1
Project("{8BC9CEB8-8B4A-11D0-8D11-00A0C91BC942}") = "235234234", "235234234\235234234.vcxproj", "{EABC57DB-1AFD-4CFC-9668-D54BD9E91625}"
EndProject
Global
	GlobalSection(SolutionConfigurationPlatforms) = preSolution
		Debug|x64 = Debug|x64
		Debug|x86 = Debug|x86
		Release|x64 = Release|x64
		Release|x86 = Release|x86
	EndGlobalSection
	GlobalSection(ProjectConfigurationPlatforms) = postSolution
		{EABC57DB-1AFD-4CFC-9668-D54BD9E91625}.Debug|x64.ActiveCfg = Debug|x64
		{EABC57DB-1AFD-4CFC-9668-D54BD9E91625}.Debug|x64.Build.0 = Debug|x64
		{EABC57DB-1AFD-4CFC-9668-D54BD9E91625}.Debug|x86.ActiveCfg = Debug|Win32
		{EABC57DB-1AFD-4CFC-9668-D54BD9E91625}.Debug|x86.Build.0 = Debug|Win32
		{EABC57DB-1AFD-4CFC-9668-D54BD9E91625}.Release|x64.ActiveCfg = Release|x64
		{EABC57DB-1AFD-4CFC-9668-D54BD9E91625}.Release|x64.Build.0 = Release|x64
		{EABC57DB-1AFD-4CFC-9668-D54BD9E91625}.Release|x86.ActiveCfg = Release|Win32
		{EABC57DB-1AFD-4CFC-9668-D54BD9E91625}.Release|x86.Build.0 = Release|Win32
	EndGlobalSection
	GlobalSection(SolutionProperties) = preSolution
		HideSolutionNode = FALSE
	EndGlobalSection
	GlobalSection(ExtensibilityGlobals) = postSolution
		SolutionGuid = {1E4427FB-F894-40E7-9A24-8F5E019C9D16}
	EndGlobalSection
EndGlobal
